
Microsoft Visual Studio Solution File, Format Version 12.00
# Visual Studio 2012
Project("{FAE04EC0-301F-11D3-BF4B-00C04F79EFBC}") = "Polymod", "Polymod\Polymod.csproj", "{294F79CB-1F76-48D5-87CE-8748713D948E}"
EndProject
Project("{FAE04EC0-301F-11D3-BF4B-00C04F79EFBC}") = "Polymod.Tests", "Polymod.Tests\Polymod.Tests.csproj", "{567423E4-F0D5-4EF1-A1D4-5655B20AB7EB}"
EndProject
Global
	GlobalSection(SolutionConfigurationPlatforms) = preSolution
		Debug|Any CPU = Debug|Any CPU
		Release|Any CPU = Release|Any CPU
	EndGlobalSection
	GlobalSection(ProjectConfigurationPlatforms) = postSolution
		{294F79CB-1F76-48D5-87CE-8748713D948E}.Debug|Any CPU.ActiveCfg = Debug|Any CPU
		{294F79CB-1F76-48D5-87CE-8748713D948E}.Debug|Any CPU.Build.0 = Debug|Any CPU
		{294F79CB-1F76-48D5-87CE-8748713D948E}.Release|Any CPU.ActiveCfg = Release|Any CPU
		{294F79CB-1F76-48D5-87CE-8748713D948E}.Release|Any CPU.Build.0 = Release|Any CPU
		{567423E4-F0D5-4EF1-A1D4-5655B20AB7EB}.Debug|Any CPU.ActiveCfg = Debug|Any CPU
		{567423E4-F0D5-4EF1-A1D4-5655B20AB7EB}.Debug|Any CPU.Build.0 = Debug|Any CPU
		{567423E4-F0D5-4EF1-A1D4-5655B20AB7EB}.Release|Any CPU.ActiveCfg = Release|Any CPU
		{567423E4-F0D5-4EF1-A1D4-5655B20AB7EB}.Release|Any CPU.Build.0 = Release|Any CPU
	EndGlobalSection
	GlobalSection(SolutionProperties) = preSolution
		HideSolutionNode = FALSE
	EndGlobalSection
EndGlobal
